
Microsoft Visual Studio Solution File, Format Version 12.00
# Visual Studio 14
VisualStudioVersion = 14.0.25420.1
MinimumVisualStudioVersion = 10.0.40219.1
Project("{FAE04EC0-301F-11D3-BF4B-00C04F79EFBC}") = "TfsUrlParser", "TfsUrlParser\TfsUrlParser.csproj", "{0E778B55-FFC8-43D3-904C-A44797A5086C}"
EndProject
Project("{FAE04EC0-301F-11D3-BF4B-00C04F79EFBC}") = "TfsUrlParser.Tests", "TfsUrlParser.Tests\TfsUrlParser.Tests.csproj", "{6D16103D-8D2A-4E00-862A-2AD3C00E2883}"
EndProject
Project("{2150E333-8FDC-42A3-9474-1A3956D46DE8}") = "Build", "Build", "{CF561A03-1A80-42E3-BA70-B928138A6C2B}"
	ProjectSection(SolutionItems) = preProject
		..\build.ps1 = ..\build.ps1
		..\build.sh = ..\build.sh
		..\setup.cake = ..\setup.cake
	EndProjectSection
EndProject
Project("{2150E333-8FDC-42A3-9474-1A3956D46DE8}") = "nuspec", "nuspec", "{FA42AED9-1A9A-4030-87D6-C89FECA5533C}"
	ProjectSection(SolutionItems) = preProject
		..\nuspec\nuget\TfsUrlParser.nuspec = ..\nuspec\nuget\TfsUrlParser.nuspec
	EndProjectSection
EndProject
Global
	GlobalSection(SolutionConfigurationPlatforms) = preSolution
		Debug|Any CPU = Debug|Any CPU
		Release|Any CPU = Release|Any CPU
	EndGlobalSection
	GlobalSection(ProjectConfigurationPlatforms) = postSolution
		{0E778B55-FFC8-43D3-904C-A44797A5086C}.Debug|Any CPU.ActiveCfg = Debug|Any CPU
		{0E778B55-FFC8-43D3-904C-A44797A5086C}.Debug|Any CPU.Build.0 = Debug|Any CPU
		{0E778B55-FFC8-43D3-904C-A44797A5086C}.Release|Any CPU.ActiveCfg = Release|Any CPU
		{0E778B55-FFC8-43D3-904C-A44797A5086C}.Release|Any CPU.Build.0 = Release|Any CPU
		{6D16103D-8D2A-4E00-862A-2AD3C00E2883}.Debug|Any CPU.ActiveCfg = Debug|Any CPU
		{6D16103D-8D2A-4E00-862A-2AD3C00E2883}.Debug|Any CPU.Build.0 = Debug|Any CPU
		{6D16103D-8D2A-4E00-862A-2AD3C00E2883}.Release|Any CPU.ActiveCfg = Release|Any CPU
		{6D16103D-8D2A-4E00-862A-2AD3C00E2883}.Release|Any CPU.Build.0 = Release|Any CPU
	EndGlobalSection
	GlobalSection(SolutionProperties) = preSolution
		HideSolutionNode = FALSE
	EndGlobalSection
	GlobalSection(NestedProjects) = preSolution
		{FA42AED9-1A9A-4030-87D6-C89FECA5533C} = {CF561A03-1A80-42E3-BA70-B928138A6C2B}
	EndGlobalSection
EndGlobal
